
Microsoft Visual Studio Solution File, Format Version 12.00
# Visual Studio Version 17
VisualStudioVersion = 17.5.002.0
MinimumVisualStudioVersion = 10.0.40219.1
Project("{9A19103F-16F7-4668-BE54-9A1E7A4F7556}") = "SistemaConexionFirebird", "SistemaConexionFirebird.csproj", "{E671E1EA-1493-44A9-A3B8-17694CA39FDB}"
EndProject
Global
	GlobalSection(SolutionConfigurationPlatforms) = preSolution
		Debug|Any CPU = Debug|Any CPU
		Release|Any CPU = Release|Any CPU
	EndGlobalSection
	GlobalSection(ProjectConfigurationPlatforms) = postSolution
		{E671E1EA-1493-44A9-A3B8-17694CA39FDB}.Debug|Any CPU.ActiveCfg = Debug|Any CPU
		{E671E1EA-1493-44A9-A3B8-17694CA39FDB}.Debug|Any CPU.Build.0 = Debug|Any CPU
		{E671E1EA-1493-44A9-A3B8-17694CA39FDB}.Release|Any CPU.ActiveCfg = Release|Any CPU
		{E671E1EA-1493-44A9-A3B8-17694CA39FDB}.Release|Any CPU.Build.0 = Release|Any CPU
	EndGlobalSection
	GlobalSection(SolutionProperties) = preSolution
		HideSolutionNode = FALSE
	EndGlobalSection
	GlobalSection(ExtensibilityGlobals) = postSolution
		SolutionGuid = {9F5D363C-D848-4644-9EE5-595931DF0E55}
	EndGlobalSection
EndGlobal
